
Microsoft Visual Studio Solution File, Format Version 12.00
# Visual Studio Version 17
VisualStudioVersion = 17.9.34616.47
MinimumVisualStudioVersion = 10.0.40219.1
Project("{8BC9CEB8-8B4A-11D0-8D11-00A0C91BC942}") = "Seminar8", "Seminar8\Seminar8.vcxproj", "{6B13535D-1655-4EA9-8AA6-C5804F591AC5}"
EndProject
Global
	GlobalSection(SolutionConfigurationPlatforms) = preSolution
		Debug|x64 = Debug|x64
		Debug|x86 = Debug|x86
		Release|x64 = Release|x64
		Release|x86 = Release|x86
	EndGlobalSection
	GlobalSection(ProjectConfigurationPlatforms) = postSolution
		{6B13535D-1655-4EA9-8AA6-C5804F591AC5}.Debug|x64.ActiveCfg = Debug|x64
		{6B13535D-1655-4EA9-8AA6-C5804F591AC5}.Debug|x64.Build.0 = Debug|x64
		{6B13535D-1655-4EA9-8AA6-C5804F591AC5}.Debug|x86.ActiveCfg = Debug|Win32
		{6B13535D-1655-4EA9-8AA6-C5804F591AC5}.Debug|x86.Build.0 = Debug|Win32
		{6B13535D-1655-4EA9-8AA6-C5804F591AC5}.Release|x64.ActiveCfg = Release|x64
		{6B13535D-1655-4EA9-8AA6-C5804F591AC5}.Release|x64.Build.0 = Release|x64
		{6B13535D-1655-4EA9-8AA6-C5804F591AC5}.Release|x86.ActiveCfg = Release|Win32
		{6B13535D-1655-4EA9-8AA6-C5804F591AC5}.Release|x86.Build.0 = Release|Win32
	EndGlobalSection
	GlobalSection(SolutionProperties) = preSolution
		HideSolutionNode = FALSE
	EndGlobalSection
	GlobalSection(ExtensibilityGlobals) = postSolution
		SolutionGuid = {89D8125A-387C-41B6-AB13-75DC60214C90}
	EndGlobalSection
EndGlobal
