
Microsoft Visual Studio Solution File, Format Version 12.00
# Visual Studio Version 17
VisualStudioVersion = 17.9.34616.47
MinimumVisualStudioVersion = 10.0.40219.1
Project("{8BC9CEB8-8B4A-11D0-8D11-00A0C91BC942}") = "Seminar2", "Seminar2\Seminar2.vcxproj", "{7B0D7FF2-A7A9-4877-9442-7C96F95CDC34}"
EndProject
Global
	GlobalSection(SolutionConfigurationPlatforms) = preSolution
		Debug|x64 = Debug|x64
		Debug|x86 = Debug|x86
		Release|x64 = Release|x64
		Release|x86 = Release|x86
	EndGlobalSection
	GlobalSection(ProjectConfigurationPlatforms) = postSolution
		{7B0D7FF2-A7A9-4877-9442-7C96F95CDC34}.Debug|x64.ActiveCfg = Debug|x64
		{7B0D7FF2-A7A9-4877-9442-7C96F95CDC34}.Debug|x64.Build.0 = Debug|x64
		{7B0D7FF2-A7A9-4877-9442-7C96F95CDC34}.Debug|x86.ActiveCfg = Debug|Win32
		{7B0D7FF2-A7A9-4877-9442-7C96F95CDC34}.Debug|x86.Build.0 = Debug|Win32
		{7B0D7FF2-A7A9-4877-9442-7C96F95CDC34}.Release|x64.ActiveCfg = Release|x64
		{7B0D7FF2-A7A9-4877-9442-7C96F95CDC34}.Release|x64.Build.0 = Release|x64
		{7B0D7FF2-A7A9-4877-9442-7C96F95CDC34}.Release|x86.ActiveCfg = Release|Win32
		{7B0D7FF2-A7A9-4877-9442-7C96F95CDC34}.Release|x86.Build.0 = Release|Win32
	EndGlobalSection
	GlobalSection(SolutionProperties) = preSolution
		HideSolutionNode = FALSE
	EndGlobalSection
	GlobalSection(ExtensibilityGlobals) = postSolution
		SolutionGuid = {7D52E303-1DF9-442C-A886-C54B8BFB1072}
	EndGlobalSection
EndGlobal
