
Microsoft Visual Studio Solution File, Format Version 12.00
# Visual Studio Version 17
VisualStudioVersion = 17.7.34031.279
MinimumVisualStudioVersion = 10.0.40219.1
Project("{8BC9CEB8-8B4A-11D0-8D11-00A0C91BC942}") = "Seminar6", "Seminar6\Seminar6.vcxproj", "{C84B0565-340C-47CD-8573-A552BBFCD561}"
EndProject
Global
	GlobalSection(SolutionConfigurationPlatforms) = preSolution
		Debug|x64 = Debug|x64
		Debug|x86 = Debug|x86
		Release|x64 = Release|x64
		Release|x86 = Release|x86
	EndGlobalSection
	GlobalSection(ProjectConfigurationPlatforms) = postSolution
		{C84B0565-340C-47CD-8573-A552BBFCD561}.Debug|x64.ActiveCfg = Debug|x64
		{C84B0565-340C-47CD-8573-A552BBFCD561}.Debug|x64.Build.0 = Debug|x64
		{C84B0565-340C-47CD-8573-A552BBFCD561}.Debug|x86.ActiveCfg = Debug|Win32
		{C84B0565-340C-47CD-8573-A552BBFCD561}.Debug|x86.Build.0 = Debug|Win32
		{C84B0565-340C-47CD-8573-A552BBFCD561}.Release|x64.ActiveCfg = Release|x64
		{C84B0565-340C-47CD-8573-A552BBFCD561}.Release|x64.Build.0 = Release|x64
		{C84B0565-340C-47CD-8573-A552BBFCD561}.Release|x86.ActiveCfg = Release|Win32
		{C84B0565-340C-47CD-8573-A552BBFCD561}.Release|x86.Build.0 = Release|Win32
	EndGlobalSection
	GlobalSection(SolutionProperties) = preSolution
		HideSolutionNode = FALSE
	EndGlobalSection
	GlobalSection(ExtensibilityGlobals) = postSolution
		SolutionGuid = {57C70C99-8AC4-4DF9-99CF-C851BFB4CF68}
	EndGlobalSection
EndGlobal
